
Microsoft Visual Studio Solution File, Format Version 12.00
# Visual Studio Version 17
VisualStudioVersion = 17.6.33815.320
MinimumVisualStudioVersion = 10.0.40219.1
Project("{FAE04EC0-301F-11D3-BF4B-00C04F79EFBC}") = "TicTacToe.Ui", "TicTacToe.Ui\TicTacToe.Ui.csproj", "{D6B09918-533E-447E-BFB5-63992FD338B8}"
EndProject
Project("{FAE04EC0-301F-11D3-BF4B-00C04F79EFBC}") = "TicTacToe.Data", "TicTacToe.Data\TicTacToe.Data.csproj", "{BA87314A-6DC9-4C5A-A51D-0F2CB2FD3C88}"
EndProject
Global
	GlobalSection(SolutionConfigurationPlatforms) = preSolution
		Debug|Any CPU = Debug|Any CPU
		Release|Any CPU = Release|Any CPU
	EndGlobalSection
	GlobalSection(ProjectConfigurationPlatforms) = postSolution
		{D6B09918-533E-447E-BFB5-63992FD338B8}.Debug|Any CPU.ActiveCfg = Debug|Any CPU
		{D6B09918-533E-447E-BFB5-63992FD338B8}.Debug|Any CPU.Build.0 = Debug|Any CPU
		{D6B09918-533E-447E-BFB5-63992FD338B8}.Release|Any CPU.ActiveCfg = Release|Any CPU
		{D6B09918-533E-447E-BFB5-63992FD338B8}.Release|Any CPU.Build.0 = Release|Any CPU
		{BA87314A-6DC9-4C5A-A51D-0F2CB2FD3C88}.Debug|Any CPU.ActiveCfg = Debug|Any CPU
		{BA87314A-6DC9-4C5A-A51D-0F2CB2FD3C88}.Debug|Any CPU.Build.0 = Debug|Any CPU
		{BA87314A-6DC9-4C5A-A51D-0F2CB2FD3C88}.Release|Any CPU.ActiveCfg = Release|Any CPU
		{BA87314A-6DC9-4C5A-A51D-0F2CB2FD3C88}.Release|Any CPU.Build.0 = Release|Any CPU
	EndGlobalSection
	GlobalSection(SolutionProperties) = preSolution
		HideSolutionNode = FALSE
	EndGlobalSection
	GlobalSection(ExtensibilityGlobals) = postSolution
		SolutionGuid = {65383CFC-1EBB-4511-9DFA-CB4DE4E38D41}
	EndGlobalSection
EndGlobal
